// !$*UTF8*$!
{
	archiveVersion = 1;
	classes = {
	};
	objectVersion = 77;
	objects = {

/* Begin PBXBuildFile section */
		E6B034A52E6EABDE0098A158 /* ZIPFoundation in Frameworks */ = {isa = PBXBuildFile; productRef = E6B034A42E6EABDE0098A158 /* ZIPFoundation */; };
		E6B034D92E6EDC9C0098A158 /* Gzip in Frameworks */ = {isa = PBXBuildFile; productRef = E6B034D82E6EDC9C0098A158 /* Gzip */; };
/* End PBXBuildFile section */

/* Begin PBXContainerItemProxy section */
		E611A63A2E6AB97300FA5446 /* PBXContainerItemProxy */ = {
			isa = PBXContainerItemProxy;
			containerPortal = E611A6212E6AB97100FA5446 /* Project object */;
			proxyType = 1;
			remoteGlobalIDString = E611A6282E6AB97100FA5446;
			remoteInfo = SwiftLogParser;
		};
		E611A6442E6AB97300FA5446 /* PBXContainerItemProxy */ = {
			isa = PBXContainerItemProxy;
			containerPortal = E611A6212E6AB97100FA5446 /* Project object */;
			proxyType = 1;
			remoteGlobalIDString = E611A6282E6AB97100FA5446;
			remoteInfo = SwiftLogParser;
		};
/* End PBXContainerItemProxy section */

/* Begin PBXFileReference section */
		E611A6292E6AB97100FA5446 /* SwiftLogParser.app */ = {isa = PBXFileReference; explicitFileType = wrapper.application; includeInIndex = 0; path = SwiftLogParser.app; sourceTree = BUILT_PRODUCTS_DIR; };
		E611A6392E6AB97300FA5446 /* SwiftLogParserTests.xctest */ = {isa = PBXFileReference; explicitFileType = wrapper.cfbundle; includeInIndex = 0; path = SwiftLogParserTests.xctest; sourceTree = BUILT_PRODUCTS_DIR; };
		E611A6432E6AB97300FA5446 /* SwiftLogParserUITests.xctest */ = {isa = PBXFileReference; explicitFileType = wrapper.cfbundle; includeInIndex = 0; path = SwiftLogParserUITests.xctest; sourceTree = BUILT_PRODUCTS_DIR; };
/* End PBXFileReference section */

/* Begin PBXFileSystemSynchronizedRootGroup section */
		E611A62B2E6AB97100FA5446 /* SwiftLogParser */ = {
			isa = PBXFileSystemSynchronizedRootGroup;
			path = SwiftLogParser;
			sourceTree = "<group>";
		};
		E611A63C2E6AB97300FA5446 /* SwiftLogParserTests */ = {
			isa = PBXFileSystemSynchronizedRootGroup;
			path = SwiftLogParserTests;
			sourceTree = "<group>";
		};
		E611A6462E6AB97300FA5446 /* SwiftLogParserUITests */ = {
			isa = PBXFileSystemSynchronizedRootGroup;
			path = SwiftLogParserUITests;
			sourceTree = "<group>";
		};
/* End PBXFileSystemSynchronizedRootGroup section */

/* Begin PBXFrameworksBuildPhase section */
		E611A6262E6AB97100FA5446 /* Frameworks */ = {
			isa = PBXFrameworksBuildPhase;
			buildActionMask = 2147483647;
			files = (
				E6B034D92E6EDC9C0098A158 /* Gzip in Frameworks */,
				E6B034A52E6EABDE0098A158 /* ZIPFoundation in Frameworks */,
			);
			runOnlyForDeploymentPostprocessing = 0;
		};
		E611A6362E6AB97300FA5446 /* Frameworks */ = {
			isa = PBXFrameworksBuildPhase;
			buildActionMask = 2147483647;
			files = (
			);
			runOnlyForDeploymentPostprocessing = 0;
		};
		E611A6402E6AB97300FA5446 /* Frameworks */ = {
			isa = PBXFrameworksBuildPhase;
			buildActionMask = 2147483647;
			files = (
			);
			runOnlyForDeploymentPostprocessing = 0;
		};
/* End PBXFrameworksBuildPhase section */

/* Begin PBXGroup section */
		E611A6202E6AB97100FA5446 = {
			isa = PBXGroup;
			children = (
				E611A62B2E6AB97100FA5446 /* SwiftLogParser */,
				E611A63C2E6AB97300FA5446 /* SwiftLogParserTests */,
				E611A6462E6AB97300FA5446 /* SwiftLogParserUITests */,
				E6B034A32E6EABDE0098A158 /* Frameworks */,
				E611A62A2E6AB97100FA5446 /* Products */,
			);
			sourceTree = "<group>";
		};
		E611A62A2E6AB97100FA5446 /* Products */ = {
			isa = PBXGroup;
			children = (
				E611A6292E6AB97100FA5446 /* SwiftLogParser.app */,
				E611A6392E6AB97300FA5446 /* SwiftLogParserTests.xctest */,
				E611A6432E6AB97300FA5446 /* SwiftLogParserUITests.xctest */,
			);
			name = Products;
			sourceTree = "<group>";
		};
		E6B034A32E6EABDE0098A158 /* Frameworks */ = {
			isa = PBXGroup;
			children = (
			);
			name = Frameworks;
			sourceTree = "<group>";
		};
/* End PBXGroup section */

/* Begin PBXNativeTarget section */
		E611A6282E6AB97100FA5446 /* SwiftLogParser */ = {
			isa = PBXNativeTarget;
			buildConfigurationList = E611A64D2E6AB97300FA5446 /* Build configuration list for PBXNativeTarget "SwiftLogParser" */;
			buildPhases = (
				E611A6252E6AB97100FA5446 /* Sources */,
				E611A6262E6AB97100FA5446 /* Frameworks */,
				E611A6272E6AB97100FA5446 /* Resources */,
			);
			buildRules = (
			);
			dependencies = (
			);
			fileSystemSynchronizedGroups = (
				E611A62B2E6AB97100FA5446 /* SwiftLogParser */,
			);
			name = SwiftLogParser;
			packageProductDependencies = (
				E6B034A42E6EABDE0098A158 /* ZIPFoundation */,
				E6B034D82E6EDC9C0098A158 /* Gzip */,
			);
			productName = SwiftLogParser;
			productReference = E611A6292E6AB97100FA5446 /* SwiftLogParser.app */;
			productType = "com.apple.product-type.application";
		};
		E611A6382E6AB97300FA5446 /* SwiftLogParserTests */ = {
			isa = PBXNativeTarget;
			buildConfigurationList = E611A6502E6AB97300FA5446 /* Build configuration list for PBXNativeTarget "SwiftLogParserTests" */;
			buildPhases = (
				E611A6352E6AB97300FA5446 /* Sources */,
				E611A6362E6AB97300FA5446 /* Frameworks */,
				E611A6372E6AB97300FA5446 /* Resources */,
			);
			buildRules = (
			);
			dependencies = (
				E611A63B2E6AB97300FA5446 /* PBXTargetDependency */,
			);
			fileSystemSynchronizedGroups = (
				E611A63C2E6AB97300FA5446 /* SwiftLogParserTests */,
			);
			name = SwiftLogParserTests;
			packageProductDependencies = (
			);
			productName = SwiftLogParserTests;
			productReference = E611A6392E6AB97300FA5446 /* SwiftLogParserTests.xctest */;
			productType = "com.apple.product-type.bundle.unit-test";
		};
		E611A6422E6AB97300FA5446 /* SwiftLogParserUITests */ = {
			isa = PBXNativeTarget;
			buildConfigurationList = E611A6532E6AB97300FA5446 /* Build configuration list for PBXNativeTarget "SwiftLogParserUITests" */;
			buildPhases = (
				E611A63F2E6AB97300FA5446 /* Sources */,
				E611A6402E6AB97300FA5446 /* Frameworks */,
				E611A6412E6AB97300FA5446 /* Resources */,
			);
			buildRules = (
			);
			dependencies = (
				E611A6452E6AB97300FA5446 /* PBXTargetDependency */,
			);
			fileSystemSynchronizedGroups = (
				E611A6462E6AB97300FA5446 /* SwiftLogParserUITests */,
			);
			name = SwiftLogParserUITests;
			packageProductDependencies = (
			);
			productName = SwiftLogParserUITests;
			productReference = E611A6432E6AB97300FA5446 /* SwiftLogParserUITests.xctest */;
			productType = "com.apple.product-type.bundle.ui-testing";
		};
/* End PBXNativeTarget section */

/* Begin PBXProject section */
		E611A6212E6AB97100FA5446 /* Project object */ = {
			isa = PBXProject;
			attributes = {
				BuildIndependentTargetsInParallel = 1;
				LastSwiftUpdateCheck = 1630;
				LastUpgradeCheck = 1630;
				TargetAttributes = {
					E611A6282E6AB97100FA5446 = {
						CreatedOnToolsVersion = 16.3;
					};
					E611A6382E6AB97300FA5446 = {
						CreatedOnToolsVersion = 16.3;
						TestTargetID = E611A6282E6AB97100FA5446;
					};
					E611A6422E6AB97300FA5446 = {
						CreatedOnToolsVersion = 16.3;
						TestTargetID = E611A6282E6AB97100FA5446;
					};
				};
			};
			buildConfigurationList = E611A6242E6AB97100FA5446 /* Build configuration list for PBXProject "SwiftLogParser" */;
			developmentRegion = en;
			hasScannedForEncodings = 0;
			knownRegions = (
				en,
				Base,
			);
			mainGroup = E611A6202E6AB97100FA5446;
			minimizedProjectReferenceProxies = 1;
			packageReferences = (
				E6B034A22E6EAA000098A158 /* XCRemoteSwiftPackageReference "ZIPFoundation" */,
				E6B034D72E6EDBBD0098A158 /* XCRemoteSwiftPackageReference "GzipSwift" */,
			);
			preferredProjectObjectVersion = 77;
			productRefGroup = E611A62A2E6AB97100FA5446 /* Products */;
			projectDirPath = "";
			projectRoot = "";
			targets = (
				E611A6282E6AB97100FA5446 /* SwiftLogParser */,
				E611A6382E6AB97300FA5446 /* SwiftLogParserTests */,
				E611A6422E6AB97300FA5446 /* SwiftLogParserUITests */,
			);
		};
/* End PBXProject section */

/* Begin PBXResourcesBuildPhase section */
		E611A6272E6AB97100FA5446 /* Resources */ = {
			isa = PBXResourcesBuildPhase;
			buildActionMask = 2147483647;
			files = (
			);
			runOnlyForDeploymentPostprocessing = 0;
		};
		E611A6372E6AB97300FA5446 /* Resources */ = {
			isa = PBXResourcesBuildPhase;
			buildActionMask = 2147483647;
			files = (
			);
			runOnlyForDeploymentPostprocessing = 0;
		};
		E611A6412E6AB97300FA5446 /* Resources */ = {
			isa = PBXResourcesBuildPhase;
			buildActionMask = 2147483647;
			files = (
			);
			runOnlyForDeploymentPostprocessing = 0;
		};
/* End PBXResourcesBuildPhase section */

/* Begin PBXSourcesBuildPhase section */
		E611A6252E6AB97100FA5446 /* Sources */ = {
			isa = PBXSourcesBuildPhase;
			buildActionMask = 2147483647;
			files = (
			);
			runOnlyForDeploymentPostprocessing = 0;
		};
		E611A6352E6AB97300FA5446 /* Sources */ = {
			isa = PBXSourcesBuildPhase;
			buildActionMask = 2147483647;
			files = (
			);
			runOnlyForDeploymentPostprocessing = 0;
		};
		E611A63F2E6AB97300FA5446 /* Sources */ = {
			isa = PBXSourcesBuildPhase;
			buildActionMask = 2147483647;
			files = (
			);
			runOnlyForDeploymentPostprocessing = 0;
		};
/* End PBXSourcesBuildPhase section */

/* Begin PBXTargetDependency section */
		E611A63B2E6AB97300FA5446 /* PBXTargetDependency */ = {
			isa = PBXTargetDependency;
			target = E611A6282E6AB97100FA5446 /* SwiftLogParser */;
			targetProxy = E611A63A2E6AB97300FA5446 /* PBXContainerItemProxy */;
		};
		E611A6452E6AB97300FA5446 /* PBXTargetDependency */ = {
			isa = PBXTargetDependency;
			target = E611A6282E6AB97100FA5446 /* SwiftLogParser */;
			targetProxy = E611A6442E6AB97300FA5446 /* PBXContainerItemProxy */;
		};
/* End PBXTargetDependency section */

/* Begin XCBuildConfiguration section */
		E611A64B2E6AB97300FA5446 /* Debug */ = {
			isa = XCBuildConfiguration;
			buildSettings = {
				ALWAYS_SEARCH_USER_PATHS = NO;
				ASSETCATALOG_COMPILER_GENERATE_SWIFT_ASSET_SYMBOL_EXTENSIONS = YES;
				CLANG_ANALYZER_NONNULL = YES;
				CLANG_ANALYZER_NUMBER_OBJECT_CONVERSION = YES_AGGRESSIVE;
				CLANG_CXX_LANGUAGE_STANDARD = "gnu++20";
				CLANG_ENABLE_MODULES = YES;
				CLANG_ENABLE_OBJC_ARC = YES;
				CLANG_ENABLE_OBJC_WEAK = YES;
				CLANG_WARN_BLOCK_CAPTURE_AUTORELEASING = YES;
				CLANG_WARN_BOOL_CONVERSION = YES;
				CLANG_WARN_COMMA = YES;
				CLANG_WARN_CONSTANT_CONVERSION = YES;
				CLANG_WARN_DEPRECATED_OBJC_IMPLEMENTATIONS = YES;
				CLANG_WARN_DIRECT_OBJC_ISA_USAGE = YES_ERROR;
				CLANG_WARN_DOCUMENTATION_COMMENTS = YES;
				CLANG_WARN_EMPTY_BODY = YES;
				CLANG_WARN_ENUM_CONVERSION = YES;
				CLANG_WARN_INFINITE_RECURSION = YES;
				CLANG_WARN_INT_CONVERSION = YES;
				CLANG_WARN_NON_LITERAL_NULL_CONVERSION = YES;
				CLANG_WARN_OBJC_IMPLICIT_RETAIN_SELF = YES;
				CLANG_WARN_OBJC_LITERAL_CONVERSION = YES;
				CLANG_WARN_OBJC_ROOT_CLASS = YES_ERROR;
				CLANG_WARN_QUOTED_INCLUDE_IN_FRAMEWORK_HEADER = YES;
				CLANG_WARN_RANGE_LOOP_ANALYSIS = YES;
				CLANG_WARN_STRICT_PROTOTYPES = YES;
				CLANG_WARN_SUSPICIOUS_MOVE = YES;
				CLANG_WARN_UNGUARDED_AVAILABILITY = YES_AGGRESSIVE;
				CLANG_WARN_UNREACHABLE_CODE = YES;
				CLANG_WARN__DUPLICATE_METHOD_MATCH = YES;
				COPY_PHASE_STRIP = NO;
				DEBUG_INFORMATION_FORMAT = dwarf;
				DEVELOPMENT_TEAM = 23X3L39LGH;
				ENABLE_STRICT_OBJC_MSGSEND = YES;
				ENABLE_TESTABILITY = YES;
				ENABLE_USER_SCRIPT_SANDBOXING = YES;
				GCC_C_LANGUAGE_STANDARD = gnu17;
				GCC_DYNAMIC_NO_PIC = NO;
				GCC_NO_COMMON_BLOCKS = YES;
				GCC_OPTIMIZATION_LEVEL = 0;
				GCC_PREPROCESSOR_DEFINITIONS = (
					"DEBUG=1",
					"$(inherited)",
				);
				GCC_WARN_64_TO_32_BIT_CONVERSION = YES;
				GCC_WARN_ABOUT_RETURN_TYPE = YES_ERROR;
				GCC_WARN_UNDECLARED_SELECTOR = YES;
				GCC_WARN_UNINITIALIZED_AUTOS = YES_AGGRESSIVE;
				GCC_WARN_UNUSED_FUNCTION = YES;
				GCC_WARN_UNUSED_VARIABLE = YES;
				LOCALIZATION_PREFERS_STRING_CATALOGS = YES;
				MACOSX_DEPLOYMENT_TARGET = 15.4;
				MTL_ENABLE_DEBUG_INFO = INCLUDE_SOURCE;
				MTL_FAST_MATH = YES;
				ONLY_ACTIVE_ARCH = YES;
				SDKROOT = macosx;
				SWIFT_ACTIVE_COMPILATION_CONDITIONS = "DEBUG $(inherited)";
				SWIFT_OPTIMIZATION_LEVEL = "-Onone";
			};
			name = Debug;
		};
		E611A64C2E6AB97300FA5446 /* Release */ = {
			isa = XCBuildConfiguration;
			buildSettings = {
				ALWAYS_SEARCH_USER_PATHS = NO;
				ASSETCATALOG_COMPILER_GENERATE_SWIFT_ASSET_SYMBOL_EXTENSIONS = YES;
				CLANG_ANALYZER_NONNULL = YES;
				CLANG_ANALYZER_NUMBER_OBJECT_CONVERSION = YES_AGGRESSIVE;
				CLANG_CXX_LANGUAGE_STANDARD = "gnu++20";
				CLANG_ENABLE_MODULES = YES;
				CLANG_ENABLE_OBJC_ARC = YES;
				CLANG_ENABLE_OBJC_WEAK = YES;
				CLANG_WARN_BLOCK_CAPTURE_AUTORELEASING = YES;
				CLANG_WARN_BOOL_CONVERSION = YES;
				CLANG_WARN_COMMA = YES;
				CLANG_WARN_CONSTANT_CONVERSION = YES;
				CLANG_WARN_DEPRECATED_OBJC_IMPLEMENTATIONS = YES;
				CLANG_WARN_DIRECT_OBJC_ISA_USAGE = YES_ERROR;
				CLANG_WARN_DOCUMENTATION_COMMENTS = YES;
				CLANG_WARN_EMPTY_BODY = YES;
				CLANG_WARN_ENUM_CONVERSION = YES;
				CLANG_WARN_INFINITE_RECURSION = YES;
				CLANG_WARN_INT_CONVERSION = YES;
				CLANG_WARN_NON_LITERAL_NULL_CONVERSION = YES;
				CLANG_WARN_OBJC_IMPLICIT_RETAIN_SELF = YES;
				CLANG_WARN_OBJC_LITERAL_CONVERSION = YES;
				CLANG_WARN_OBJC_ROOT_CLASS = YES_ERROR;
				CLANG_WARN_QUOTED_INCLUDE_IN_FRAMEWORK_HEADER = YES;
				CLANG_WARN_RANGE_LOOP_ANALYSIS = YES;
				CLANG_WARN_STRICT_PROTOTYPES = YES;
				CLANG_WARN_SUSPICIOUS_MOVE = YES;
				CLANG_WARN_UNGUARDED_AVAILABILITY = YES_AGGRESSIVE;
				CLANG_WARN_UNREACHABLE_CODE = YES;
				CLANG_WARN__DUPLICATE_METHOD_MATCH = YES;
				COPY_PHASE_STRIP = NO;
				DEBUG_INFORMATION_FORMAT = "dwarf-with-dsym";
				DEVELOPMENT_TEAM = 23X3L39LGH;
				ENABLE_NS_ASSERTIONS = NO;
				ENABLE_STRICT_OBJC_MSGSEND = YES;
				ENABLE_USER_SCRIPT_SANDBOXING = YES;
				GCC_C_LANGUAGE_STANDARD = gnu17;
				GCC_NO_COMMON_BLOCKS = YES;
				GCC_WARN_64_TO_32_BIT_CONVERSION = YES;
				GCC_WARN_ABOUT_RETURN_TYPE = YES_ERROR;
				GCC_WARN_UNDECLARED_SELECTOR = YES;
				GCC_WARN_UNINITIALIZED_AUTOS = YES_AGGRESSIVE;
				GCC_WARN_UNUSED_FUNCTION = YES;
				GCC_WARN_UNUSED_VARIABLE = YES;
				LOCALIZATION_PREFERS_STRING_CATALOGS = YES;
				MACOSX_DEPLOYMENT_TARGET = 15.4;
				MTL_ENABLE_DEBUG_INFO = NO;
				MTL_FAST_MATH = YES;
				SDKROOT = macosx;
				SWIFT_COMPILATION_MODE = wholemodule;
			};
			name = Release;
		};
		E611A64E2E6AB97300FA5446 /* Debug */ = {
			isa = XCBuildConfiguration;
			buildSettings = {
				ASSETCATALOG_COMPILER_APPICON_NAME = AppIcon;
				ASSETCATALOG_COMPILER_GLOBAL_ACCENT_COLOR_NAME = AccentColor;
				CODE_SIGN_ENTITLEMENTS = SwiftLogParser/SwiftLogParser.entitlements;
				CODE_SIGN_STYLE = Automatic;
				COMBINE_HIDPI_IMAGES = YES;
				CURRENT_PROJECT_VERSION = 1;
				DEVELOPMENT_TEAM = 23X3L39LGH;
				ENABLE_HARDENED_RUNTIME = YES;
				ENABLE_PREVIEWS = YES;
				GENERATE_INFOPLIST_FILE = YES;
				INFOPLIST_KEY_NSHumanReadableCopyright = "";
				LD_RUNPATH_SEARCH_PATHS = (
					"$(inherited)",
					"@executable_path/../Frameworks",
				);
				MACOSX_DEPLOYMENT_TARGET = 14.0;
				MARKETING_VERSION = 1.0;
				PRODUCT_BUNDLE_IDENTIFIER = com.log.parser.SwiftLogParser;
				PRODUCT_NAME = "$(TARGET_NAME)";
				REGISTER_APP_GROUPS = YES;
				SWIFT_EMIT_LOC_STRINGS = YES;
				SWIFT_VERSION = 5.0;
			};
			name = Debug;
		};
		E611A64F2E6AB97300FA5446 /* Release */ = {
			isa = XCBuildConfiguration;
			buildSettings = {
				ASSETCATALOG_COMPILER_APPICON_NAME = AppIcon;
				ASSETCATALOG_COMPILER_GLOBAL_ACCENT_COLOR_NAME = AccentColor;
				CODE_SIGN_ENTITLEMENTS = SwiftLogParser/SwiftLogParser.entitlements;
				CODE_SIGN_STYLE = Automatic;
				COMBINE_HIDPI_IMAGES = YES;
				CURRENT_PROJECT_VERSION = 1;
				DEVELOPMENT_TEAM = 23X3L39LGH;
				ENABLE_HARDENED_RUNTIME = YES;
				ENABLE_PREVIEWS = YES;
				GENERATE_INFOPLIST_FILE = YES;
				INFOPLIST_KEY_NSHumanReadableCopyright = "";
				LD_RUNPATH_SEARCH_PATHS = (
					"$(inherited)",
					"@executable_path/../Frameworks",
				);
				MACOSX_DEPLOYMENT_TARGET = 14.0;
				MARKETING_VERSION = 1.0;
				PRODUCT_BUNDLE_IDENTIFIER = com.log.parser.SwiftLogParser;
				PRODUCT_NAME = "$(TARGET_NAME)";
				REGISTER_APP_GROUPS = YES;
				SWIFT_EMIT_LOC_STRINGS = YES;
				SWIFT_VERSION = 5.0;
			};
			name = Release;
		};
		E611A6512E6AB97300FA5446 /* Debug */ = {
			isa = XCBuildConfiguration;
			buildSettings = {
				BUNDLE_LOADER = "$(TEST_HOST)";
				CODE_SIGN_STYLE = Automatic;
				CURRENT_PROJECT_VERSION = 1;
				DEVELOPMENT_TEAM = 23X3L39LGH;
				GENERATE_INFOPLIST_FILE = YES;
				MACOSX_DEPLOYMENT_TARGET = 14.0;
				MARKETING_VERSION = 1.0;
				PRODUCT_BUNDLE_IDENTIFIER = com.log.parser.SwiftLogParserTests;
				PRODUCT_NAME = "$(TARGET_NAME)";
				SWIFT_EMIT_LOC_STRINGS = NO;
				SWIFT_VERSION = 5.0;
				TEST_HOST = "$(BUILT_PRODUCTS_DIR)/SwiftLogParser.app/$(BUNDLE_EXECUTABLE_FOLDER_PATH)/SwiftLogParser";
			};
			name = Debug;
		};
		E611A6522E6AB97300FA5446 /* Release */ = {
			isa = XCBuildConfiguration;
			buildSettings = {
				BUNDLE_LOADER = "$(TEST_HOST)";
				CODE_SIGN_STYLE = Automatic;
				CURRENT_PROJECT_VERSION = 1;
				DEVELOPMENT_TEAM = 23X3L39LGH;
				GENERATE_INFOPLIST_FILE = YES;
				MACOSX_DEPLOYMENT_TARGET = 14.0;
				MARKETING_VERSION = 1.0;
				PRODUCT_BUNDLE_IDENTIFIER = com.log.parser.SwiftLogParserTests;
				PRODUCT_NAME = "$(TARGET_NAME)";
				SWIFT_EMIT_LOC_STRINGS = NO;
				SWIFT_VERSION = 5.0;
				TEST_HOST = "$(BUILT_PRODUCTS_DIR)/SwiftLogParser.app/$(BUNDLE_EXECUTABLE_FOLDER_PATH)/SwiftLogParser";
			};
			name = Release;
		};
		E611A6542E6AB97300FA5446 /* Debug */ = {
			isa = XCBuildConfiguration;
			buildSettings = {
				CODE_SIGN_STYLE = Automatic;
				CURRENT_PROJECT_VERSION = 1;
				DEVELOPMENT_TEAM = 23X3L39LGH;
				GENERATE_INFOPLIST_FILE = YES;
				MARKETING_VERSION = 1.0;
				PRODUCT_BUNDLE_IDENTIFIER = com.log.parser.SwiftLogParserUITests;
				PRODUCT_NAME = "$(TARGET_NAME)";
				SWIFT_EMIT_LOC_STRINGS = NO;
				SWIFT_VERSION = 5.0;
				TEST_TARGET_NAME = SwiftLogParser;
			};
			name = Debug;
		};
		E611A6552E6AB97300FA5446 /* Release */ = {
			isa = XCBuildConfiguration;
			buildSettings = {
				CODE_SIGN_STYLE = Automatic;
				CURRENT_PROJECT_VERSION = 1;
				DEVELOPMENT_TEAM = 23X3L39LGH;
				GENERATE_INFOPLIST_FILE = YES;
				MARKETING_VERSION = 1.0;
				PRODUCT_BUNDLE_IDENTIFIER = com.log.parser.SwiftLogParserUITests;
				PRODUCT_NAME = "$(TARGET_NAME)";
				SWIFT_EMIT_LOC_STRINGS = NO;
				SWIFT_VERSION = 5.0;
				TEST_TARGET_NAME = SwiftLogParser;
			};
			name = Release;
		};
/* End XCBuildConfiguration section */

/* Begin XCConfigurationList section */
		E611A6242E6AB97100FA5446 /* Build configuration list for PBXProject "SwiftLogParser" */ = {
			isa = XCConfigurationList;
			buildConfigurations = (
				E611A64B2E6AB97300FA5446 /* Debug */,
				E611A64C2E6AB97300FA5446 /* Release */,
			);
			defaultConfigurationIsVisible = 0;
			defaultConfigurationName = Release;
		};
		E611A64D2E6AB97300FA5446 /* Build configuration list for PBXNativeTarget "SwiftLogParser" */ = {
			isa = XCConfigurationList;
			buildConfigurations = (
				E611A64E2E6AB97300FA5446 /* Debug */,
				E611A64F2E6AB97300FA5446 /* Release */,
			);
			defaultConfigurationIsVisible = 0;
			defaultConfigurationName = Release;
		};
		E611A6502E6AB97300FA5446 /* Build configuration list for PBXNativeTarget "SwiftLogParserTests" */ = {
			isa = XCConfigurationList;
			buildConfigurations = (
				E611A6512E6AB97300FA5446 /* Debug */,
				E611A6522E6AB97300FA5446 /* Release */,
			);
			defaultConfigurationIsVisible = 0;
			defaultConfigurationName = Release;
		};
		E611A6532E6AB97300FA5446 /* Build configuration list for PBXNativeTarget "SwiftLogParserUITests" */ = {
			isa = XCConfigurationList;
			buildConfigurations = (
				E611A6542E6AB97300FA5446 /* Debug */,
				E611A6552E6AB97300FA5446 /* Release */,
			);
			defaultConfigurationIsVisible = 0;
			defaultConfigurationName = Release;
		};
/* End XCConfigurationList section */

/* Begin XCRemoteSwiftPackageReference section */
		E6B034A22E6EAA000098A158 /* XCRemoteSwiftPackageReference "ZIPFoundation" */ = {
			isa = XCRemoteSwiftPackageReference;
			repositoryURL = "https://github.com/weichsel/ZIPFoundation.git";
			requirement = {
				kind = upToNextMajorVersion;
				minimumVersion = 0.9.19;
			};
		};
		E6B034D72E6EDBBD0098A158 /* XCRemoteSwiftPackageReference "GzipSwift" */ = {
			isa = XCRemoteSwiftPackageReference;
			repositoryURL = "https://github.com/1024jp/GzipSwift";
			requirement = {
				kind = upToNextMajorVersion;
				minimumVersion = 6.1.0;
			};
		};
/* End XCRemoteSwiftPackageReference section */

/* Begin XCSwiftPackageProductDependency section */
		E6B034A42E6EABDE0098A158 /* ZIPFoundation */ = {
			isa = XCSwiftPackageProductDependency;
			package = E6B034A22E6EAA000098A158 /* XCRemoteSwiftPackageReference "ZIPFoundation" */;
			productName = ZIPFoundation;
		};
		E6B034D82E6EDC9C0098A158 /* Gzip */ = {
			isa = XCSwiftPackageProductDependency;
			package = E6B034D72E6EDBBD0098A158 /* XCRemoteSwiftPackageReference "GzipSwift" */;
			productName = Gzip;
		};
/* End XCSwiftPackageProductDependency section */
	};
	rootObject = E611A6212E6AB97100FA5446 /* Project object */;
}
